
Microsoft Visual Studio Solution File, Format Version 12.00
# Visual Studio 15
VisualStudioVersion = 15.0.27428.2037
MinimumVisualStudioVersion = 10.0.40219.1
Project("{FAE04EC0-301F-11D3-BF4B-00C04F79EFBC}") = "Encryption", "Encryption\Encryption.csproj", "{92C8366D-637A-4477-BC50-70269EB08873}"
EndProject
Global
	GlobalSection(SolutionConfigurationPlatforms) = preSolution
		Debug|Any CPU = Debug|Any CPU
		Release|Any CPU = Release|Any CPU
	EndGlobalSection
	GlobalSection(ProjectConfigurationPlatforms) = postSolution
		{92C8366D-637A-4477-BC50-70269EB08873}.Debug|Any CPU.ActiveCfg = Debug|Any CPU
		{92C8366D-637A-4477-BC50-70269EB08873}.Debug|Any CPU.Build.0 = Debug|Any CPU
		{92C8366D-637A-4477-BC50-70269EB08873}.Release|Any CPU.ActiveCfg = Release|Any CPU
		{92C8366D-637A-4477-BC50-70269EB08873}.Release|Any CPU.Build.0 = Release|Any CPU
	EndGlobalSection
	GlobalSection(SolutionProperties) = preSolution
		HideSolutionNode = FALSE
	EndGlobalSection
	GlobalSection(ExtensibilityGlobals) = postSolution
		SolutionGuid = {B8EA9466-3D1D-45F4-9E4F-8432EEF48EB4}
	EndGlobalSection
EndGlobal
